
Microsoft Visual Studio Solution File, Format Version 12.00
# Visual Studio Version 17
VisualStudioVersion = 17.3.32929.385
MinimumVisualStudioVersion = 10.0.40219.1
Project("{FAE04EC0-301F-11D3-BF4B-00C04F79EFBC}") = "CoreFramework", "CoreFramework\CoreFramework.csproj", "{B8581B67-43CB-4CFA-BCA6-2022219A7BBE}"
EndProject
Project("{FAE04EC0-301F-11D3-BF4B-00C04F79EFBC}") = "SPLibrary", "SPLibrary\SPLibrary.csproj", "{4BC662B8-8DDD-451A-A480-B88ABC076B54}"
EndProject
Project("{2150E333-8FDC-42A3-9474-1A3956D46DE8}") = "Library", "Library", "{9DB8E1BE-B700-43FC-A08B-15FBA3EA509C}"
EndProject
Project("{2150E333-8FDC-42A3-9474-1A3956D46DE8}") = "Web", "Web", "{3C343636-559A-4BDF-B26A-577B0C762626}"
EndProject
Project("{FAE04EC0-301F-11D3-BF4B-00C04F79EFBC}") = "SPlatformService", "SPlatformService\SPlatformService.csproj", "{71E099A4-5AF0-4018-AF46-C09071DBA788}"
EndProject
Project("{FAE04EC0-301F-11D3-BF4B-00C04F79EFBC}") = "WebUI", "WebUI\WebUI.csproj", "{3606BBD0-6D09-422B-91C3-E643F9E92B65}"
EndProject
Project("{FAE04EC0-301F-11D3-BF4B-00C04F79EFBC}") = "BusinessCard", "BusinessCard\BusinessCard.csproj", "{AB71C95B-AE24-4C11-B1FC-57677038F1E1}"
EndProject
Project("{FAE04EC0-301F-11D3-BF4B-00C04F79EFBC}") = "OpenAIAPP", "OpenAIAPP\OpenAIAPP.csproj", "{4D045E69-DA55-4E89-B7D4-1C29AE085419}"
EndProject
Project("{9A19103F-16F7-4668-BE54-9A1E7A4F7556}") = "OpenAI_Code", "OpenAI_Code\OpenAI_Code.csproj", "{C94F136B-4E91-4AF9-BED2-C8C4489B41AB}"
EndProject
Global
	GlobalSection(SolutionConfigurationPlatforms) = preSolution
		Debug|Any CPU = Debug|Any CPU
		Release|Any CPU = Release|Any CPU
	EndGlobalSection
	GlobalSection(ProjectConfigurationPlatforms) = postSolution
		{B8581B67-43CB-4CFA-BCA6-2022219A7BBE}.Debug|Any CPU.ActiveCfg = Debug|Any CPU
		{B8581B67-43CB-4CFA-BCA6-2022219A7BBE}.Debug|Any CPU.Build.0 = Debug|Any CPU
		{B8581B67-43CB-4CFA-BCA6-2022219A7BBE}.Release|Any CPU.ActiveCfg = Release|Any CPU
		{B8581B67-43CB-4CFA-BCA6-2022219A7BBE}.Release|Any CPU.Build.0 = Release|Any CPU
		{4BC662B8-8DDD-451A-A480-B88ABC076B54}.Debug|Any CPU.ActiveCfg = Debug|Any CPU
		{4BC662B8-8DDD-451A-A480-B88ABC076B54}.Debug|Any CPU.Build.0 = Debug|Any CPU
		{4BC662B8-8DDD-451A-A480-B88ABC076B54}.Release|Any CPU.ActiveCfg = Release|Any CPU
		{4BC662B8-8DDD-451A-A480-B88ABC076B54}.Release|Any CPU.Build.0 = Release|Any CPU
		{71E099A4-5AF0-4018-AF46-C09071DBA788}.Debug|Any CPU.ActiveCfg = Debug|Any CPU
		{71E099A4-5AF0-4018-AF46-C09071DBA788}.Debug|Any CPU.Build.0 = Debug|Any CPU
		{71E099A4-5AF0-4018-AF46-C09071DBA788}.Release|Any CPU.ActiveCfg = Release|Any CPU
		{71E099A4-5AF0-4018-AF46-C09071DBA788}.Release|Any CPU.Build.0 = Release|Any CPU
		{3606BBD0-6D09-422B-91C3-E643F9E92B65}.Debug|Any CPU.ActiveCfg = Debug|Any CPU
		{3606BBD0-6D09-422B-91C3-E643F9E92B65}.Debug|Any CPU.Build.0 = Debug|Any CPU
		{3606BBD0-6D09-422B-91C3-E643F9E92B65}.Release|Any CPU.ActiveCfg = Release|Any CPU
		{3606BBD0-6D09-422B-91C3-E643F9E92B65}.Release|Any CPU.Build.0 = Release|Any CPU
		{AB71C95B-AE24-4C11-B1FC-57677038F1E1}.Debug|Any CPU.ActiveCfg = Debug|Any CPU
		{AB71C95B-AE24-4C11-B1FC-57677038F1E1}.Debug|Any CPU.Build.0 = Debug|Any CPU
		{AB71C95B-AE24-4C11-B1FC-57677038F1E1}.Release|Any CPU.ActiveCfg = Release|Any CPU
		{AB71C95B-AE24-4C11-B1FC-57677038F1E1}.Release|Any CPU.Build.0 = Release|Any CPU
		{4D045E69-DA55-4E89-B7D4-1C29AE085419}.Debug|Any CPU.ActiveCfg = Debug|Any CPU
		{4D045E69-DA55-4E89-B7D4-1C29AE085419}.Debug|Any CPU.Build.0 = Debug|Any CPU
		{4D045E69-DA55-4E89-B7D4-1C29AE085419}.Release|Any CPU.ActiveCfg = Release|Any CPU
		{4D045E69-DA55-4E89-B7D4-1C29AE085419}.Release|Any CPU.Build.0 = Release|Any CPU
		{C94F136B-4E91-4AF9-BED2-C8C4489B41AB}.Debug|Any CPU.ActiveCfg = Debug|Any CPU
		{C94F136B-4E91-4AF9-BED2-C8C4489B41AB}.Debug|Any CPU.Build.0 = Debug|Any CPU
		{C94F136B-4E91-4AF9-BED2-C8C4489B41AB}.Release|Any CPU.ActiveCfg = Release|Any CPU
		{C94F136B-4E91-4AF9-BED2-C8C4489B41AB}.Release|Any CPU.Build.0 = Release|Any CPU
	EndGlobalSection
	GlobalSection(SolutionProperties) = preSolution
		HideSolutionNode = FALSE
	EndGlobalSection
	GlobalSection(NestedProjects) = preSolution
		{B8581B67-43CB-4CFA-BCA6-2022219A7BBE} = {9DB8E1BE-B700-43FC-A08B-15FBA3EA509C}
		{4BC662B8-8DDD-451A-A480-B88ABC076B54} = {9DB8E1BE-B700-43FC-A08B-15FBA3EA509C}
		{71E099A4-5AF0-4018-AF46-C09071DBA788} = {3C343636-559A-4BDF-B26A-577B0C762626}
		{3606BBD0-6D09-422B-91C3-E643F9E92B65} = {3C343636-559A-4BDF-B26A-577B0C762626}
		{AB71C95B-AE24-4C11-B1FC-57677038F1E1} = {3C343636-559A-4BDF-B26A-577B0C762626}
		{4D045E69-DA55-4E89-B7D4-1C29AE085419} = {3C343636-559A-4BDF-B26A-577B0C762626}
		{C94F136B-4E91-4AF9-BED2-C8C4489B41AB} = {3C343636-559A-4BDF-B26A-577B0C762626}
	EndGlobalSection
	GlobalSection(ExtensibilityGlobals) = postSolution
		SolutionGuid = {B68C7292-FD42-4E64-9F71-40669159F891}
	EndGlobalSection
EndGlobal
